{
  "name": "blobs_tool",
  "version": "1.0.0",
  "lockfileVersion": 1,
  "requires": true,
  "dependencies": {
    "object-assign": {
      "version": "4.1.1",
      "resolved": "https://registry.npmjs.org/object-assign/-/object-assign-4.1.1.tgz",
      "integrity": "sha1-IQmtx5ZYh8/AXLvUQsrIv7s2CGM="
    },
    "workerpool": {
      "version": "2.3.3",
      "resolved": "https://registry.npmjs.org/workerpool/-/workerpool-2.3.3.tgz",
      "integrity": "sha512-L1ovlYHp6UObYqElXXpbd214GgbEKDED0d3sj7pRdFXjNkb2+un/AUcCkceHizO0IVI6SOGGncrcjozruCkRgA==",
      "requires": {
        "object-assign": "4.1.1"
      }
    }
  }
}
